
Microsoft Visual Studio Solution File, Format Version 12.00
# Visual Studio Version 17
VisualStudioVersion = 17.14.36429.23
MinimumVisualStudioVersion = 10.0.40219.1
Project("{2150E333-8FDC-42A3-9474-1A3956D46DE8}") = "Task0", "Task0", "{02EA681E-C7D8-13C7-8484-4AC65E1B71E8}"
EndProject
Project("{FAE04EC0-301F-11D3-BF4B-00C04F79EFBC}") = "Tyuiu.BarminaSK.Sprint6.Task0.V6.Lib", "Tyuiu.BarminaSK.Sprint6.Task0.V6.Lib\Tyuiu.BarminaSK.Sprint6.Task0.V6.Lib.csproj", "{787D84B7-1A33-465F-ABF4-621D7BFD4D0C}"
EndProject
Project("{FAE04EC0-301F-11D3-BF4B-00C04F79EFBC}") = "Tyuiu.BarminaSK.Sprint6.Task0.V6.Test", "Tyuiu.BarminaSK.Sprint6.Task0.V6.Test\Tyuiu.BarminaSK.Sprint6.Task0.V6.Test.csproj", "{87F9DED6-5E63-47CD-8191-5FE3FE420A22}"
EndProject
Project("{FAE04EC0-301F-11D3-BF4B-00C04F79EFBC}") = "Tyuiu.BarminaSK.Sprint6.Task0.V6", "Tyuiu.BarminaSK.Sprint6.Task0.V6\Tyuiu.BarminaSK.Sprint6.Task0.V6.csproj", "{70773DD9-B61A-4E3B-A78D-ECAFFB2FD318}"
EndProject
Project("{2150E333-8FDC-42A3-9474-1A3956D46DE8}") = "Task1", "Task1", "{5F1FB261-3F67-4760-BC2D-2C996D632D0B}"
EndProject
Project("{FAE04EC0-301F-11D3-BF4B-00C04F79EFBC}") = "Tyuiu.BarminaSK.Sprint6.Task1.V8.Lib", "Tyuiu.BarminaSK.Sprint6.Task1.V8.Lib\Tyuiu.BarminaSK.Sprint6.Task1.V8.Lib.csproj", "{28D7E7F7-9AFC-4370-AA74-D006DE7D9610}"
EndProject
Project("{FAE04EC0-301F-11D3-BF4B-00C04F79EFBC}") = "Tyuiu.BarminaSK.Sprint6.Task1.V8.Test", "Tyuiu.BarminaSK.Sprint6.Task1.V8.Test\Tyuiu.BarminaSK.Sprint6.Task1.V8.Test.csproj", "{7557CFB1-E6CE-4F2E-B591-11EA3E327871}"
EndProject
Project("{FAE04EC0-301F-11D3-BF4B-00C04F79EFBC}") = "Tyuiu.BarminaSK.Sprint6.Task1.V8", "Tyuiu.BarminaSK.Sprint6.Task1.V8\Tyuiu.BarminaSK.Sprint6.Task1.V8.csproj", "{57CBDD8B-E16F-4770-857C-31E51CE633B0}"
EndProject
Project("{2150E333-8FDC-42A3-9474-1A3956D46DE8}") = "Task2", "Task2", "{56E131FB-BF83-4DA3-8A67-C73B726BEF68}"
EndProject
Project("{FAE04EC0-301F-11D3-BF4B-00C04F79EFBC}") = "Tyuiu.BarminaSK.Sprint6.Task2.V21.Lib", "Tyuiu.BarminaSK.Sprint6.Task2.V21.Lib\Tyuiu.BarminaSK.Sprint6.Task2.V21.Lib.csproj", "{A013140C-4E52-4155-8E75-0EE1A4EDE812}"
EndProject
Project("{FAE04EC0-301F-11D3-BF4B-00C04F79EFBC}") = "Tyuiu.BarminaSK.Sprint6.Task2.V21.Test", "Tyuiu.BarminaSK.Sprint6.Task2.V21.Test\Tyuiu.BarminaSK.Sprint6.Task2.V21.Test.csproj", "{5EB5AB34-88F2-4A8B-A134-D18FB5C5732B}"
EndProject
Project("{FAE04EC0-301F-11D3-BF4B-00C04F79EFBC}") = "Tyuiu.BarminaSK.Sprint6.Task2.V21", "Tyuiu.BarminaSK.Sprint6.Task2.V21\Tyuiu.BarminaSK.Sprint6.Task2.V21.csproj", "{01601FB3-FF59-4BAE-A60D-D9DACEA5B8D9}"
EndProject
Project("{2150E333-8FDC-42A3-9474-1A3956D46DE8}") = "Task3", "Task3", "{88E35DC0-4F1C-4C49-A9F6-4DDC9E80EAB9}"
EndProject
Project("{FAE04EC0-301F-11D3-BF4B-00C04F79EFBC}") = "Tyuiu.BarminaSK.Sprint6.Task3.V11.Lib", "Tyuiu.BarminaSK.Sprint6.Task3.V11.Lib\Tyuiu.BarminaSK.Sprint6.Task3.V11.Lib.csproj", "{B83331DE-DE2B-457A-BA2C-B4BB2B8B442B}"
EndProject
Project("{FAE04EC0-301F-11D3-BF4B-00C04F79EFBC}") = "Tyuiu.BarminaSK.Sprint6.Task3.V11.Test", "Tyuiu.BarminaSK.Sprint6.Task3.V11.Test\Tyuiu.BarminaSK.Sprint6.Task3.V11.Test.csproj", "{3FCEFD3D-2E6A-44A5-B54D-EFE7BFB59851}"
EndProject
Project("{FAE04EC0-301F-11D3-BF4B-00C04F79EFBC}") = "Tyuiu.BarminaSK.Sprint6.Task3.V11", "Tyuiu.BarminaSK.Sprint6.Task3.V11\Tyuiu.BarminaSK.Sprint6.Task3.V11.csproj", "{9327CC16-BB80-4C36-86F2-F198CF16C9D4}"
EndProject
Project("{2150E333-8FDC-42A3-9474-1A3956D46DE8}") = "Task4", "Task4", "{CC0169AC-F3DF-46E2-8BB6-DC5871C34E66}"
EndProject
Project("{FAE04EC0-301F-11D3-BF4B-00C04F79EFBC}") = "Tyuiu.BarminaSK.Sprint6.Task4.V19.Lib", "Tyuiu.BarminaSK.Sprint6.Task4.V19.Lib\Tyuiu.BarminaSK.Sprint6.Task4.V19.Lib.csproj", "{F3E24D10-FAC6-4BB7-8E47-69A77FDD612C}"
EndProject
Project("{FAE04EC0-301F-11D3-BF4B-00C04F79EFBC}") = "Tyuiu.BarminaSK.Sprint6.Task4.V19.Test", "Tyuiu.BarminaSK.Sprint6.Task4.V19.Test\Tyuiu.BarminaSK.Sprint6.Task4.V19.Test.csproj", "{62D2C954-C113-47EE-A384-AD716006889D}"
EndProject
Project("{FAE04EC0-301F-11D3-BF4B-00C04F79EFBC}") = "Tyuiu.BarminaSK.Sprint6.Task4.V19", "Tyuiu.BarminaSK.Sprint6.Task4.V19\Tyuiu.BarminaSK.Sprint6.Task4.V19.csproj", "{B0425315-37C3-44F2-A7EB-D370BF4CA398}"
EndProject
Project("{2150E333-8FDC-42A3-9474-1A3956D46DE8}") = "Task5", "Task5", "{5FD8403E-1FB2-42F3-A992-981FE278C245}"
EndProject
Project("{FAE04EC0-301F-11D3-BF4B-00C04F79EFBC}") = "Tyuiu.BarminaSK.Sprint6.Task5.V29.Lib", "Tyuiu.BarminaSK.Sprint6.Task5.V29.Lib\Tyuiu.BarminaSK.Sprint6.Task5.V29.Lib.csproj", "{201C4434-796D-4FC2-99BA-A48AD44A5983}"
EndProject
Project("{FAE04EC0-301F-11D3-BF4B-00C04F79EFBC}") = "Tyuiu.BarminaSK.Sprint6.Task5.V29.Test", "Tyuiu.BarminaSK.Sprint6.Task5.V29.Test\Tyuiu.BarminaSK.Sprint6.Task5.V29.Test.csproj", "{C163F00F-D122-48C8-84B5-B308F2A9E500}"
EndProject
Project("{FAE04EC0-301F-11D3-BF4B-00C04F79EFBC}") = "Tyuiu.BarminaSK.Sprint6.Task5.V29", "Tyuiu.BarminaSK.Sprint6.Task5.V29\Tyuiu.BarminaSK.Sprint6.Task5.V29.csproj", "{C5A437D8-7480-4053-98D5-39674CB501EA}"
EndProject
Project("{2150E333-8FDC-42A3-9474-1A3956D46DE8}") = "Task6", "Task6", "{8345A262-1353-460D-8D58-0B4EC2D9060D}"
EndProject
Project("{FAE04EC0-301F-11D3-BF4B-00C04F79EFBC}") = "Tyuiu.BarminaSK.Sprint6.Task6.V27.Lib", "Tyuiu.BarminaSK.Sprint6.Task6.V27.Lib\Tyuiu.BarminaSK.Sprint6.Task6.V27.Lib.csproj", "{E5F9F73D-3232-46AC-8B24-29CF48D22484}"
EndProject
Project("{FAE04EC0-301F-11D3-BF4B-00C04F79EFBC}") = "Tyuiu.BarminaSK.Sprint6.Task6.V27.Test", "Tyuiu.BarminaSK.Sprint6.Task6.V27.Test\Tyuiu.BarminaSK.Sprint6.Task6.V27.Test.csproj", "{583DBE9D-6580-4D34-B4EB-C9DE741CD1E8}"
EndProject
Project("{FAE04EC0-301F-11D3-BF4B-00C04F79EFBC}") = "Tyuiu.BarminaSK.Sprint6.Task6.V27", "Tyuiu.BarminaSK.Sprint6.Task6.V27\Tyuiu.BarminaSK.Sprint6.Task6.V27.csproj", "{B5611F8C-E243-46E6-BBE0-9ABCEE96EE63}"
EndProject
Global
	GlobalSection(SolutionConfigurationPlatforms) = preSolution
		Debug|Any CPU = Debug|Any CPU
		Release|Any CPU = Release|Any CPU
	EndGlobalSection
	GlobalSection(ProjectConfigurationPlatforms) = postSolution
		{787D84B7-1A33-465F-ABF4-621D7BFD4D0C}.Debug|Any CPU.ActiveCfg = Debug|Any CPU
		{787D84B7-1A33-465F-ABF4-621D7BFD4D0C}.Debug|Any CPU.Build.0 = Debug|Any CPU
		{787D84B7-1A33-465F-ABF4-621D7BFD4D0C}.Release|Any CPU.ActiveCfg = Release|Any CPU
		{787D84B7-1A33-465F-ABF4-621D7BFD4D0C}.Release|Any CPU.Build.0 = Release|Any CPU
		{87F9DED6-5E63-47CD-8191-5FE3FE420A22}.Debug|Any CPU.ActiveCfg = Debug|Any CPU
		{87F9DED6-5E63-47CD-8191-5FE3FE420A22}.Debug|Any CPU.Build.0 = Debug|Any CPU
		{87F9DED6-5E63-47CD-8191-5FE3FE420A22}.Release|Any CPU.ActiveCfg = Release|Any CPU
		{87F9DED6-5E63-47CD-8191-5FE3FE420A22}.Release|Any CPU.Build.0 = Release|Any CPU
		{70773DD9-B61A-4E3B-A78D-ECAFFB2FD318}.Debug|Any CPU.ActiveCfg = Debug|Any CPU
		{70773DD9-B61A-4E3B-A78D-ECAFFB2FD318}.Debug|Any CPU.Build.0 = Debug|Any CPU
		{70773DD9-B61A-4E3B-A78D-ECAFFB2FD318}.Release|Any CPU.ActiveCfg = Release|Any CPU
		{70773DD9-B61A-4E3B-A78D-ECAFFB2FD318}.Release|Any CPU.Build.0 = Release|Any CPU
		{28D7E7F7-9AFC-4370-AA74-D006DE7D9610}.Debug|Any CPU.ActiveCfg = Debug|Any CPU
		{28D7E7F7-9AFC-4370-AA74-D006DE7D9610}.Debug|Any CPU.Build.0 = Debug|Any CPU
		{28D7E7F7-9AFC-4370-AA74-D006DE7D9610}.Release|Any CPU.ActiveCfg = Release|Any CPU
		{28D7E7F7-9AFC-4370-AA74-D006DE7D9610}.Release|Any CPU.Build.0 = Release|Any CPU
		{7557CFB1-E6CE-4F2E-B591-11EA3E327871}.Debug|Any CPU.ActiveCfg = Debug|Any CPU
		{7557CFB1-E6CE-4F2E-B591-11EA3E327871}.Debug|Any CPU.Build.0 = Debug|Any CPU
		{7557CFB1-E6CE-4F2E-B591-11EA3E327871}.Release|Any CPU.ActiveCfg = Release|Any CPU
		{7557CFB1-E6CE-4F2E-B591-11EA3E327871}.Release|Any CPU.Build.0 = Release|Any CPU
		{57CBDD8B-E16F-4770-857C-31E51CE633B0}.Debug|Any CPU.ActiveCfg = Debug|Any CPU
		{57CBDD8B-E16F-4770-857C-31E51CE633B0}.Debug|Any CPU.Build.0 = Debug|Any CPU
		{57CBDD8B-E16F-4770-857C-31E51CE633B0}.Release|Any CPU.ActiveCfg = Release|Any CPU
		{57CBDD8B-E16F-4770-857C-31E51CE633B0}.Release|Any CPU.Build.0 = Release|Any CPU
		{A013140C-4E52-4155-8E75-0EE1A4EDE812}.Debug|Any CPU.ActiveCfg = Debug|Any CPU
		{A013140C-4E52-4155-8E75-0EE1A4EDE812}.Debug|Any CPU.Build.0 = Debug|Any CPU
		{A013140C-4E52-4155-8E75-0EE1A4EDE812}.Release|Any CPU.ActiveCfg = Release|Any CPU
		{A013140C-4E52-4155-8E75-0EE1A4EDE812}.Release|Any CPU.Build.0 = Release|Any CPU
		{5EB5AB34-88F2-4A8B-A134-D18FB5C5732B}.Debug|Any CPU.ActiveCfg = Debug|Any CPU
		{5EB5AB34-88F2-4A8B-A134-D18FB5C5732B}.Debug|Any CPU.Build.0 = Debug|Any CPU
		{5EB5AB34-88F2-4A8B-A134-D18FB5C5732B}.Release|Any CPU.ActiveCfg = Release|Any CPU
		{5EB5AB34-88F2-4A8B-A134-D18FB5C5732B}.Release|Any CPU.Build.0 = Release|Any CPU
		{01601FB3-FF59-4BAE-A60D-D9DACEA5B8D9}.Debug|Any CPU.ActiveCfg = Debug|Any CPU
		{01601FB3-FF59-4BAE-A60D-D9DACEA5B8D9}.Debug|Any CPU.Build.0 = Debug|Any CPU
		{01601FB3-FF59-4BAE-A60D-D9DACEA5B8D9}.Release|Any CPU.ActiveCfg = Release|Any CPU
		{01601FB3-FF59-4BAE-A60D-D9DACEA5B8D9}.Release|Any CPU.Build.0 = Release|Any CPU
		{B83331DE-DE2B-457A-BA2C-B4BB2B8B442B}.Debug|Any CPU.ActiveCfg = Debug|Any CPU
		{B83331DE-DE2B-457A-BA2C-B4BB2B8B442B}.Debug|Any CPU.Build.0 = Debug|Any CPU
		{B83331DE-DE2B-457A-BA2C-B4BB2B8B442B}.Release|Any CPU.ActiveCfg = Release|Any CPU
		{B83331DE-DE2B-457A-BA2C-B4BB2B8B442B}.Release|Any CPU.Build.0 = Release|Any CPU
		{3FCEFD3D-2E6A-44A5-B54D-EFE7BFB59851}.Debug|Any CPU.ActiveCfg = Debug|Any CPU
		{3FCEFD3D-2E6A-44A5-B54D-EFE7BFB59851}.Debug|Any CPU.Build.0 = Debug|Any CPU
		{3FCEFD3D-2E6A-44A5-B54D-EFE7BFB59851}.Release|Any CPU.ActiveCfg = Release|Any CPU
		{3FCEFD3D-2E6A-44A5-B54D-EFE7BFB59851}.Release|Any CPU.Build.0 = Release|Any CPU
		{9327CC16-BB80-4C36-86F2-F198CF16C9D4}.Debug|Any CPU.ActiveCfg = Debug|Any CPU
		{9327CC16-BB80-4C36-86F2-F198CF16C9D4}.Debug|Any CPU.Build.0 = Debug|Any CPU
		{9327CC16-BB80-4C36-86F2-F198CF16C9D4}.Release|Any CPU.ActiveCfg = Release|Any CPU
		{9327CC16-BB80-4C36-86F2-F198CF16C9D4}.Release|Any CPU.Build.0 = Release|Any CPU
		{F3E24D10-FAC6-4BB7-8E47-69A77FDD612C}.Debug|Any CPU.ActiveCfg = Debug|Any CPU
		{F3E24D10-FAC6-4BB7-8E47-69A77FDD612C}.Debug|Any CPU.Build.0 = Debug|Any CPU
		{F3E24D10-FAC6-4BB7-8E47-69A77FDD612C}.Release|Any CPU.ActiveCfg = Release|Any CPU
		{F3E24D10-FAC6-4BB7-8E47-69A77FDD612C}.Release|Any CPU.Build.0 = Release|Any CPU
		{62D2C954-C113-47EE-A384-AD716006889D}.Debug|Any CPU.ActiveCfg = Debug|Any CPU
		{62D2C954-C113-47EE-A384-AD716006889D}.Debug|Any CPU.Build.0 = Debug|Any CPU
		{62D2C954-C113-47EE-A384-AD716006889D}.Release|Any CPU.ActiveCfg = Release|Any CPU
		{62D2C954-C113-47EE-A384-AD716006889D}.Release|Any CPU.Build.0 = Release|Any CPU
		{B0425315-37C3-44F2-A7EB-D370BF4CA398}.Debug|Any CPU.ActiveCfg = Debug|Any CPU
		{B0425315-37C3-44F2-A7EB-D370BF4CA398}.Debug|Any CPU.Build.0 = Debug|Any CPU
		{B0425315-37C3-44F2-A7EB-D370BF4CA398}.Release|Any CPU.ActiveCfg = Release|Any CPU
		{B0425315-37C3-44F2-A7EB-D370BF4CA398}.Release|Any CPU.Build.0 = Release|Any CPU
		{201C4434-796D-4FC2-99BA-A48AD44A5983}.Debug|Any CPU.ActiveCfg = Debug|Any CPU
		{201C4434-796D-4FC2-99BA-A48AD44A5983}.Debug|Any CPU.Build.0 = Debug|Any CPU
		{201C4434-796D-4FC2-99BA-A48AD44A5983}.Release|Any CPU.ActiveCfg = Release|Any CPU
		{201C4434-796D-4FC2-99BA-A48AD44A5983}.Release|Any CPU.Build.0 = Release|Any CPU
		{C163F00F-D122-48C8-84B5-B308F2A9E500}.Debug|Any CPU.ActiveCfg = Debug|Any CPU
		{C163F00F-D122-48C8-84B5-B308F2A9E500}.Debug|Any CPU.Build.0 = Debug|Any CPU
		{C163F00F-D122-48C8-84B5-B308F2A9E500}.Release|Any CPU.ActiveCfg = Release|Any CPU
		{C163F00F-D122-48C8-84B5-B308F2A9E500}.Release|Any CPU.Build.0 = Release|Any CPU
		{C5A437D8-7480-4053-98D5-39674CB501EA}.Debug|Any CPU.ActiveCfg = Debug|Any CPU
		{C5A437D8-7480-4053-98D5-39674CB501EA}.Debug|Any CPU.Build.0 = Debug|Any CPU
		{C5A437D8-7480-4053-98D5-39674CB501EA}.Release|Any CPU.ActiveCfg = Release|Any CPU
		{C5A437D8-7480-4053-98D5-39674CB501EA}.Release|Any CPU.Build.0 = Release|Any CPU
		{E5F9F73D-3232-46AC-8B24-29CF48D22484}.Debug|Any CPU.ActiveCfg = Debug|Any CPU
		{E5F9F73D-3232-46AC-8B24-29CF48D22484}.Debug|Any CPU.Build.0 = Debug|Any CPU
		{E5F9F73D-3232-46AC-8B24-29CF48D22484}.Release|Any CPU.ActiveCfg = Release|Any CPU
		{E5F9F73D-3232-46AC-8B24-29CF48D22484}.Release|Any CPU.Build.0 = Release|Any CPU
		{583DBE9D-6580-4D34-B4EB-C9DE741CD1E8}.Debug|Any CPU.ActiveCfg = Debug|Any CPU
		{583DBE9D-6580-4D34-B4EB-C9DE741CD1E8}.Debug|Any CPU.Build.0 = Debug|Any CPU
		{583DBE9D-6580-4D34-B4EB-C9DE741CD1E8}.Release|Any CPU.ActiveCfg = Release|Any CPU
		{583DBE9D-6580-4D34-B4EB-C9DE741CD1E8}.Release|Any CPU.Build.0 = Release|Any CPU
		{B5611F8C-E243-46E6-BBE0-9ABCEE96EE63}.Debug|Any CPU.ActiveCfg = Debug|Any CPU
		{B5611F8C-E243-46E6-BBE0-9ABCEE96EE63}.Debug|Any CPU.Build.0 = Debug|Any CPU
		{B5611F8C-E243-46E6-BBE0-9ABCEE96EE63}.Release|Any CPU.ActiveCfg = Release|Any CPU
		{B5611F8C-E243-46E6-BBE0-9ABCEE96EE63}.Release|Any CPU.Build.0 = Release|Any CPU
	EndGlobalSection
	GlobalSection(SolutionProperties) = preSolution
		HideSolutionNode = FALSE
	EndGlobalSection
	GlobalSection(NestedProjects) = preSolution
		{787D84B7-1A33-465F-ABF4-621D7BFD4D0C} = {02EA681E-C7D8-13C7-8484-4AC65E1B71E8}
		{87F9DED6-5E63-47CD-8191-5FE3FE420A22} = {02EA681E-C7D8-13C7-8484-4AC65E1B71E8}
		{70773DD9-B61A-4E3B-A78D-ECAFFB2FD318} = {02EA681E-C7D8-13C7-8484-4AC65E1B71E8}
		{28D7E7F7-9AFC-4370-AA74-D006DE7D9610} = {5F1FB261-3F67-4760-BC2D-2C996D632D0B}
		{7557CFB1-E6CE-4F2E-B591-11EA3E327871} = {5F1FB261-3F67-4760-BC2D-2C996D632D0B}
		{57CBDD8B-E16F-4770-857C-31E51CE633B0} = {5F1FB261-3F67-4760-BC2D-2C996D632D0B}
		{A013140C-4E52-4155-8E75-0EE1A4EDE812} = {56E131FB-BF83-4DA3-8A67-C73B726BEF68}
		{5EB5AB34-88F2-4A8B-A134-D18FB5C5732B} = {56E131FB-BF83-4DA3-8A67-C73B726BEF68}
		{01601FB3-FF59-4BAE-A60D-D9DACEA5B8D9} = {56E131FB-BF83-4DA3-8A67-C73B726BEF68}
		{B83331DE-DE2B-457A-BA2C-B4BB2B8B442B} = {88E35DC0-4F1C-4C49-A9F6-4DDC9E80EAB9}
		{3FCEFD3D-2E6A-44A5-B54D-EFE7BFB59851} = {88E35DC0-4F1C-4C49-A9F6-4DDC9E80EAB9}
		{9327CC16-BB80-4C36-86F2-F198CF16C9D4} = {88E35DC0-4F1C-4C49-A9F6-4DDC9E80EAB9}
		{F3E24D10-FAC6-4BB7-8E47-69A77FDD612C} = {CC0169AC-F3DF-46E2-8BB6-DC5871C34E66}
		{62D2C954-C113-47EE-A384-AD716006889D} = {CC0169AC-F3DF-46E2-8BB6-DC5871C34E66}
		{B0425315-37C3-44F2-A7EB-D370BF4CA398} = {CC0169AC-F3DF-46E2-8BB6-DC5871C34E66}
		{201C4434-796D-4FC2-99BA-A48AD44A5983} = {5FD8403E-1FB2-42F3-A992-981FE278C245}
		{C163F00F-D122-48C8-84B5-B308F2A9E500} = {5FD8403E-1FB2-42F3-A992-981FE278C245}
		{C5A437D8-7480-4053-98D5-39674CB501EA} = {5FD8403E-1FB2-42F3-A992-981FE278C245}
		{E5F9F73D-3232-46AC-8B24-29CF48D22484} = {8345A262-1353-460D-8D58-0B4EC2D9060D}
		{583DBE9D-6580-4D34-B4EB-C9DE741CD1E8} = {8345A262-1353-460D-8D58-0B4EC2D9060D}
		{B5611F8C-E243-46E6-BBE0-9ABCEE96EE63} = {8345A262-1353-460D-8D58-0B4EC2D9060D}
	EndGlobalSection
	GlobalSection(ExtensibilityGlobals) = postSolution
		SolutionGuid = {23E1E8FD-5530-40F7-BED5-9125B7F2A56F}
	EndGlobalSection
EndGlobal
